// !$*UTF8*$!
{
	archiveVersion = 1;
	classes = {
	};
	objectVersion = 56;
	objects = {

/* Begin PBXBuildFile section */
		254D58542BAEBC25004738F6 /* Resource.swift in Sources */ = {isa = PBXBuildFile; fileRef = 254D58532BAEBC25004738F6 /* Resource.swift */; };
		254D58562BAEBCE1004738F6 /* NetworkService.swift in Sources */ = {isa = PBXBuildFile; fileRef = 254D58552BAEBCE1004738F6 /* NetworkService.swift */; };
		254D58592BAEBE4F004738F6 /* Publisher+Utils.swift in Sources */ = {isa = PBXBuildFile; fileRef = 254D58582BAEBE4F004738F6 /* Publisher+Utils.swift */; };
		254D585B2BAEBF5B004738F6 /* MainNavigationViewController.swift in Sources */ = {isa = PBXBuildFile; fileRef = 254D585A2BAEBF5B004738F6 /* MainNavigationViewController.swift */; };
		254D585D2BAEBF7F004738F6 /* MainTabBarController.swift in Sources */ = {isa = PBXBuildFile; fileRef = 254D585C2BAEBF7F004738F6 /* MainTabBarController.swift */; };
		254D58602BAEC227004738F6 /* SearchViewController.swift in Sources */ = {isa = PBXBuildFile; fileRef = 254D585F2BAEC227004738F6 /* SearchViewController.swift */; };
		254D58622BAEC242004738F6 /* ProfileViewController.swift in Sources */ = {isa = PBXBuildFile; fileRef = 254D58612BAEC242004738F6 /* ProfileViewController.swift */; };
		254D58652BAEC63E004738F6 /* HomeViewModel.swift in Sources */ = {isa = PBXBuildFile; fileRef = 254D58642BAEC63E004738F6 /* HomeViewModel.swift */; };
		254D58682BAEC679004738F6 /* Movie.swift in Sources */ = {isa = PBXBuildFile; fileRef = 254D58672BAEC679004738F6 /* Movie.swift */; };
		254D586A2BAEC727004738F6 /* MovieList.swift in Sources */ = {isa = PBXBuildFile; fileRef = 254D58692BAEC727004738F6 /* MovieList.swift */; };
		254D58702BAF07BD004738F6 /* Home.storyboard in Resources */ = {isa = PBXBuildFile; fileRef = 254D586E2BAF07BD004738F6 /* Home.storyboard */; };
		254D58722BAF0A47004738F6 /* HomeDetailViewController.swift in Sources */ = {isa = PBXBuildFile; fileRef = 254D58712BAF0A47004738F6 /* HomeDetailViewController.swift */; };
		254D58792BAF24D9004738F6 /* Kingfisher in Frameworks */ = {isa = PBXBuildFile; productRef = 254D58782BAF24D9004738F6 /* Kingfisher */; };
		254D587B2BAF2639004738F6 /* ScreeningMovieCell.swift in Sources */ = {isa = PBXBuildFile; fileRef = 254D587A2BAF2639004738F6 /* ScreeningMovieCell.swift */; };
		254D587E2BAFC949004738F6 /* HomeDetailViewModel.swift in Sources */ = {isa = PBXBuildFile; fileRef = 254D587D2BAFC949004738F6 /* HomeDetailViewModel.swift */; };
		254D58822BAFF170004738F6 /* Detail.storyboard in Resources */ = {isa = PBXBuildFile; fileRef = 254D58812BAFF170004738F6 /* Detail.storyboard */; };
		254D58842BB023DA004738F6 /* TitleHeaderCollectionReusableView.swift in Sources */ = {isa = PBXBuildFile; fileRef = 254D58832BB023DA004738F6 /* TitleHeaderCollectionReusableView.swift */; };
		25CD75552BAE8F9400012F56 /* AppDelegate.swift in Sources */ = {isa = PBXBuildFile; fileRef = 25CD75542BAE8F9400012F56 /* AppDelegate.swift */; };
		25CD75572BAE8F9400012F56 /* SceneDelegate.swift in Sources */ = {isa = PBXBuildFile; fileRef = 25CD75562BAE8F9400012F56 /* SceneDelegate.swift */; };
		25CD75592BAE8F9400012F56 /* HomeViewController.swift in Sources */ = {isa = PBXBuildFile; fileRef = 25CD75582BAE8F9400012F56 /* HomeViewController.swift */; };
		25CD755C2BAE8F9400012F56 /* Base in Resources */ = {isa = PBXBuildFile; fileRef = 25CD755B2BAE8F9400012F56 /* Base */; };
		25CD755E2BAE8F9600012F56 /* Assets.xcassets in Resources */ = {isa = PBXBuildFile; fileRef = 25CD755D2BAE8F9600012F56 /* Assets.xcassets */; };
		25CD75612BAE8F9600012F56 /* Base in Resources */ = {isa = PBXBuildFile; fileRef = 25CD75602BAE8F9600012F56 /* Base */; };
		25CD756C2BAE8F9600012F56 /* MovieReviewTests.swift in Sources */ = {isa = PBXBuildFile; fileRef = 25CD756B2BAE8F9600012F56 /* MovieReviewTests.swift */; };
		25CD75762BAE8F9600012F56 /* MovieReviewUITests.swift in Sources */ = {isa = PBXBuildFile; fileRef = 25CD75752BAE8F9600012F56 /* MovieReviewUITests.swift */; };
		25CD75782BAE8F9600012F56 /* MovieReviewUITestsLaunchTests.swift in Sources */ = {isa = PBXBuildFile; fileRef = 25CD75772BAE8F9600012F56 /* MovieReviewUITestsLaunchTests.swift */; };
		25CD75852BAEBB4B00012F56 /* PopularMovieCell.swift in Sources */ = {isa = PBXBuildFile; fileRef = 25CD75842BAEBB4B00012F56 /* PopularMovieCell.swift */; };
/* End PBXBuildFile section */

/* Begin PBXContainerItemProxy section */
		25CD75682BAE8F9600012F56 /* PBXContainerItemProxy */ = {
			isa = PBXContainerItemProxy;
			containerPortal = 25CD75492BAE8F9400012F56 /* Project object */;
			proxyType = 1;
			remoteGlobalIDString = 25CD75502BAE8F9400012F56;
			remoteInfo = MovieReview;
		};
		25CD75722BAE8F9600012F56 /* PBXContainerItemProxy */ = {
			isa = PBXContainerItemProxy;
			containerPortal = 25CD75492BAE8F9400012F56 /* Project object */;
			proxyType = 1;
			remoteGlobalIDString = 25CD75502BAE8F9400012F56;
			remoteInfo = MovieReview;
		};
/* End PBXContainerItemProxy section */

/* Begin PBXFileReference section */
		254D58532BAEBC25004738F6 /* Resource.swift */ = {isa = PBXFileReference; lastKnownFileType = sourcecode.swift; path = Resource.swift; sourceTree = "<group>"; };
		254D58552BAEBCE1004738F6 /* NetworkService.swift */ = {isa = PBXFileReference; lastKnownFileType = sourcecode.swift; path = NetworkService.swift; sourceTree = "<group>"; };
		254D58582BAEBE4F004738F6 /* Publisher+Utils.swift */ = {isa = PBXFileReference; lastKnownFileType = sourcecode.swift; path = "Publisher+Utils.swift"; sourceTree = "<group>"; };
		254D585A2BAEBF5B004738F6 /* MainNavigationViewController.swift */ = {isa = PBXFileReference; lastKnownFileType = sourcecode.swift; path = MainNavigationViewController.swift; sourceTree = "<group>"; };
		254D585C2BAEBF7F004738F6 /* MainTabBarController.swift */ = {isa = PBXFileReference; lastKnownFileType = sourcecode.swift; path = MainTabBarController.swift; sourceTree = "<group>"; };
		254D585F2BAEC227004738F6 /* SearchViewController.swift */ = {isa = PBXFileReference; lastKnownFileType = sourcecode.swift; path = SearchViewController.swift; sourceTree = "<group>"; };
		254D58612BAEC242004738F6 /* ProfileViewController.swift */ = {isa = PBXFileReference; lastKnownFileType = sourcecode.swift; path = ProfileViewController.swift; sourceTree = "<group>"; };
		254D58642BAEC63E004738F6 /* HomeViewModel.swift */ = {isa = PBXFileReference; lastKnownFileType = sourcecode.swift; path = HomeViewModel.swift; sourceTree = "<group>"; };
		254D58672BAEC679004738F6 /* Movie.swift */ = {isa = PBXFileReference; lastKnownFileType = sourcecode.swift; path = Movie.swift; sourceTree = "<group>"; };
		254D58692BAEC727004738F6 /* MovieList.swift */ = {isa = PBXFileReference; lastKnownFileType = sourcecode.swift; path = MovieList.swift; sourceTree = "<group>"; };
		254D586F2BAF07BD004738F6 /* Base */ = {isa = PBXFileReference; lastKnownFileType = file.storyboard; name = Base; path = MovieReview/View/Base.lproj/Home.storyboard; sourceTree = "<group>"; };
		254D58712BAF0A47004738F6 /* HomeDetailViewController.swift */ = {isa = PBXFileReference; lastKnownFileType = sourcecode.swift; path = HomeDetailViewController.swift; sourceTree = "<group>"; };
		254D587A2BAF2639004738F6 /* ScreeningMovieCell.swift */ = {isa = PBXFileReference; lastKnownFileType = sourcecode.swift; path = ScreeningMovieCell.swift; sourceTree = "<group>"; };
		254D587D2BAFC949004738F6 /* HomeDetailViewModel.swift */ = {isa = PBXFileReference; lastKnownFileType = sourcecode.swift; path = HomeDetailViewModel.swift; sourceTree = "<group>"; };
		254D58812BAFF170004738F6 /* Detail.storyboard */ = {isa = PBXFileReference; lastKnownFileType = file.storyboard; path = Detail.storyboard; sourceTree = "<group>"; };
		254D58832BB023DA004738F6 /* TitleHeaderCollectionReusableView.swift */ = {isa = PBXFileReference; lastKnownFileType = sourcecode.swift; path = TitleHeaderCollectionReusableView.swift; sourceTree = "<group>"; };
		25CD75512BAE8F9400012F56 /* MovieReview.app */ = {isa = PBXFileReference; explicitFileType = wrapper.application; includeInIndex = 0; path = MovieReview.app; sourceTree = BUILT_PRODUCTS_DIR; };
		25CD75542BAE8F9400012F56 /* AppDelegate.swift */ = {isa = PBXFileReference; lastKnownFileType = sourcecode.swift; path = AppDelegate.swift; sourceTree = "<group>"; };
		25CD75562BAE8F9400012F56 /* SceneDelegate.swift */ = {isa = PBXFileReference; lastKnownFileType = sourcecode.swift; path = SceneDelegate.swift; sourceTree = "<group>"; };
		25CD75582BAE8F9400012F56 /* HomeViewController.swift */ = {isa = PBXFileReference; lastKnownFileType = sourcecode.swift; path = HomeViewController.swift; sourceTree = "<group>"; };
		25CD755B2BAE8F9400012F56 /* Base */ = {isa = PBXFileReference; lastKnownFileType = file.storyboard; name = Base; path = Base.lproj/Main.storyboard; sourceTree = "<group>"; };
		25CD755D2BAE8F9600012F56 /* Assets.xcassets */ = {isa = PBXFileReference; lastKnownFileType = folder.assetcatalog; path = Assets.xcassets; sourceTree = "<group>"; };
		25CD75602BAE8F9600012F56 /* Base */ = {isa = PBXFileReference; lastKnownFileType = file.storyboard; name = Base; path = Base.lproj/LaunchScreen.storyboard; sourceTree = "<group>"; };
		25CD75622BAE8F9600012F56 /* Info.plist */ = {isa = PBXFileReference; lastKnownFileType = text.plist.xml; path = Info.plist; sourceTree = "<group>"; };
		25CD75672BAE8F9600012F56 /* MovieReviewTests.xctest */ = {isa = PBXFileReference; explicitFileType = wrapper.cfbundle; includeInIndex = 0; path = MovieReviewTests.xctest; sourceTree = BUILT_PRODUCTS_DIR; };
		25CD756B2BAE8F9600012F56 /* MovieReviewTests.swift */ = {isa = PBXFileReference; lastKnownFileType = sourcecode.swift; path = MovieReviewTests.swift; sourceTree = "<group>"; };
		25CD75712BAE8F9600012F56 /* MovieReviewUITests.xctest */ = {isa = PBXFileReference; explicitFileType = wrapper.cfbundle; includeInIndex = 0; path = MovieReviewUITests.xctest; sourceTree = BUILT_PRODUCTS_DIR; };
		25CD75752BAE8F9600012F56 /* MovieReviewUITests.swift */ = {isa = PBXFileReference; lastKnownFileType = sourcecode.swift; path = MovieReviewUITests.swift; sourceTree = "<group>"; };
		25CD75772BAE8F9600012F56 /* MovieReviewUITestsLaunchTests.swift */ = {isa = PBXFileReference; lastKnownFileType = sourcecode.swift; path = MovieReviewUITestsLaunchTests.swift; sourceTree = "<group>"; };
		25CD75842BAEBB4B00012F56 /* PopularMovieCell.swift */ = {isa = PBXFileReference; lastKnownFileType = sourcecode.swift; path = PopularMovieCell.swift; sourceTree = "<group>"; };
/* End PBXFileReference section */

/* Begin PBXFrameworksBuildPhase section */
		25CD754E2BAE8F9400012F56 /* Frameworks */ = {
			isa = PBXFrameworksBuildPhase;
			buildActionMask = 2147483647;
			files = (
				254D58792BAF24D9004738F6 /* Kingfisher in Frameworks */,
			);
			runOnlyForDeploymentPostprocessing = 0;
		};
		25CD75642BAE8F9600012F56 /* Frameworks */ = {
			isa = PBXFrameworksBuildPhase;
			buildActionMask = 2147483647;
			files = (
			);
			runOnlyForDeploymentPostprocessing = 0;
		};
		25CD756E2BAE8F9600012F56 /* Frameworks */ = {
			isa = PBXFrameworksBuildPhase;
			buildActionMask = 2147483647;
			files = (
			);
			runOnlyForDeploymentPostprocessing = 0;
		};
/* End PBXFrameworksBuildPhase section */

/* Begin PBXGroup section */
		254D58522BAEBC15004738F6 /* Network */ = {
			isa = PBXGroup;
			children = (
				254D58532BAEBC25004738F6 /* Resource.swift */,
				254D58552BAEBCE1004738F6 /* NetworkService.swift */,
			);
			path = Network;
			sourceTree = "<group>";
		};
		254D58572BAEBE36004738F6 /* Utils */ = {
			isa = PBXGroup;
			children = (
				254D58582BAEBE4F004738F6 /* Publisher+Utils.swift */,
			);
			path = Utils;
			sourceTree = "<group>";
		};
		254D585E2BAEC207004738F6 /* View */ = {
			isa = PBXGroup;
			children = (
				254D587C2BAF2640004738F6 /* Cell */,
				25CD755A2BAE8F9400012F56 /* Main.storyboard */,
				254D585C2BAEBF7F004738F6 /* MainTabBarController.swift */,
				254D585A2BAEBF5B004738F6 /* MainNavigationViewController.swift */,
				254D586E2BAF07BD004738F6 /* Home.storyboard */,
				25CD75582BAE8F9400012F56 /* HomeViewController.swift */,
				254D58812BAFF170004738F6 /* Detail.storyboard */,
				254D58712BAF0A47004738F6 /* HomeDetailViewController.swift */,
				254D585F2BAEC227004738F6 /* SearchViewController.swift */,
				254D58612BAEC242004738F6 /* ProfileViewController.swift */,
			);
			path = View;
			sourceTree = "<group>";
		};
		254D58632BAEC635004738F6 /* ViewModel */ = {
			isa = PBXGroup;
			children = (
				254D58642BAEC63E004738F6 /* HomeViewModel.swift */,
				254D587D2BAFC949004738F6 /* HomeDetailViewModel.swift */,
			);
			path = ViewModel;
			sourceTree = "<group>";
		};
		254D58662BAEC672004738F6 /* Model */ = {
			isa = PBXGroup;
			children = (
				254D58672BAEC679004738F6 /* Movie.swift */,
				254D58692BAEC727004738F6 /* MovieList.swift */,
			);
			path = Model;
			sourceTree = "<group>";
		};
		254D587C2BAF2640004738F6 /* Cell */ = {
			isa = PBXGroup;
			children = (
				25CD75842BAEBB4B00012F56 /* PopularMovieCell.swift */,
				254D587A2BAF2639004738F6 /* ScreeningMovieCell.swift */,
				254D58832BB023DA004738F6 /* TitleHeaderCollectionReusableView.swift */,
			);
			path = Cell;
			sourceTree = "<group>";
		};
		25CD75482BAE8F9400012F56 = {
			isa = PBXGroup;
			children = (
				25CD75532BAE8F9400012F56 /* MovieReview */,
				25CD756A2BAE8F9600012F56 /* MovieReviewTests */,
				25CD75742BAE8F9600012F56 /* MovieReviewUITests */,
				25CD75522BAE8F9400012F56 /* Products */,
			);
			sourceTree = "<group>";
		};
		25CD75522BAE8F9400012F56 /* Products */ = {
			isa = PBXGroup;
			children = (
				25CD75512BAE8F9400012F56 /* MovieReview.app */,
				25CD75672BAE8F9600012F56 /* MovieReviewTests.xctest */,
				25CD75712BAE8F9600012F56 /* MovieReviewUITests.xctest */,
			);
			name = Products;
			sourceTree = "<group>";
		};
		25CD75532BAE8F9400012F56 /* MovieReview */ = {
			isa = PBXGroup;
			children = (
				254D58662BAEC672004738F6 /* Model */,
				254D58632BAEC635004738F6 /* ViewModel */,
				254D585E2BAEC207004738F6 /* View */,
				25CD75542BAE8F9400012F56 /* AppDelegate.swift */,
				25CD75562BAE8F9400012F56 /* SceneDelegate.swift */,
				25CD755D2BAE8F9600012F56 /* Assets.xcassets */,
				25CD755F2BAE8F9600012F56 /* LaunchScreen.storyboard */,
				25CD75622BAE8F9600012F56 /* Info.plist */,
				254D58572BAEBE36004738F6 /* Utils */,
				254D58522BAEBC15004738F6 /* Network */,
			);
			path = MovieReview;
			sourceTree = "<group>";
		};
		25CD756A2BAE8F9600012F56 /* MovieReviewTests */ = {
			isa = PBXGroup;
			children = (
				25CD756B2BAE8F9600012F56 /* MovieReviewTests.swift */,
			);
			path = MovieReviewTests;
			sourceTree = "<group>";
		};
		25CD75742BAE8F9600012F56 /* MovieReviewUITests */ = {
			isa = PBXGroup;
			children = (
				25CD75752BAE8F9600012F56 /* MovieReviewUITests.swift */,
				25CD75772BAE8F9600012F56 /* MovieReviewUITestsLaunchTests.swift */,
			);
			path = MovieReviewUITests;
			sourceTree = "<group>";
		};
/* End PBXGroup section */

/* Begin PBXNativeTarget section */
		25CD75502BAE8F9400012F56 /* MovieReview */ = {
			isa = PBXNativeTarget;
			buildConfigurationList = 25CD757B2BAE8F9600012F56 /* Build configuration list for PBXNativeTarget "MovieReview" */;
			buildPhases = (
				25CD754D2BAE8F9400012F56 /* Sources */,
				25CD754E2BAE8F9400012F56 /* Frameworks */,
				25CD754F2BAE8F9400012F56 /* Resources */,
			);
			buildRules = (
			);
			dependencies = (
			);
			name = MovieReview;
			packageProductDependencies = (
				254D58782BAF24D9004738F6 /* Kingfisher */,
			);
			productName = MovieReview;
			productReference = 25CD75512BAE8F9400012F56 /* MovieReview.app */;
			productType = "com.apple.product-type.application";
		};
		25CD75662BAE8F9600012F56 /* MovieReviewTests */ = {
			isa = PBXNativeTarget;
			buildConfigurationList = 25CD757E2BAE8F9600012F56 /* Build configuration list for PBXNativeTarget "MovieReviewTests" */;
			buildPhases = (
				25CD75632BAE8F9600012F56 /* Sources */,
				25CD75642BAE8F9600012F56 /* Frameworks */,
				25CD75652BAE8F9600012F56 /* Resources */,
			);
			buildRules = (
			);
			dependencies = (
				25CD75692BAE8F9600012F56 /* PBXTargetDependency */,
			);
			name = MovieReviewTests;
			productName = MovieReviewTests;
			productReference = 25CD75672BAE8F9600012F56 /* MovieReviewTests.xctest */;
			productType = "com.apple.product-type.bundle.unit-test";
		};
		25CD75702BAE8F9600012F56 /* MovieReviewUITests */ = {
			isa = PBXNativeTarget;
			buildConfigurationList = 25CD75812BAE8F9600012F56 /* Build configuration list for PBXNativeTarget "MovieReviewUITests" */;
			buildPhases = (
				25CD756D2BAE8F9600012F56 /* Sources */,
				25CD756E2BAE8F9600012F56 /* Frameworks */,
				25CD756F2BAE8F9600012F56 /* Resources */,
			);
			buildRules = (
			);
			dependencies = (
				25CD75732BAE8F9600012F56 /* PBXTargetDependency */,
			);
			name = MovieReviewUITests;
			productName = MovieReviewUITests;
			productReference = 25CD75712BAE8F9600012F56 /* MovieReviewUITests.xctest */;
			productType = "com.apple.product-type.bundle.ui-testing";
		};
/* End PBXNativeTarget section */

/* Begin PBXProject section */
		25CD75492BAE8F9400012F56 /* Project object */ = {
			isa = PBXProject;
			attributes = {
				BuildIndependentTargetsInParallel = 1;
				LastSwiftUpdateCheck = 1530;
				LastUpgradeCheck = 1530;
				TargetAttributes = {
					25CD75502BAE8F9400012F56 = {
						CreatedOnToolsVersion = 15.3;
					};
					25CD75662BAE8F9600012F56 = {
						CreatedOnToolsVersion = 15.3;
						TestTargetID = 25CD75502BAE8F9400012F56;
					};
					25CD75702BAE8F9600012F56 = {
						CreatedOnToolsVersion = 15.3;
						TestTargetID = 25CD75502BAE8F9400012F56;
					};
				};
			};
			buildConfigurationList = 25CD754C2BAE8F9400012F56 /* Build configuration list for PBXProject "MovieReview" */;
			compatibilityVersion = "Xcode 14.0";
			developmentRegion = en;
			hasScannedForEncodings = 0;
			knownRegions = (
				en,
				Base,
			);
			mainGroup = 25CD75482BAE8F9400012F56;
			packageReferences = (
				254D58772BAF24D9004738F6 /* XCRemoteSwiftPackageReference "Kingfisher" */,
			);
			productRefGroup = 25CD75522BAE8F9400012F56 /* Products */;
			projectDirPath = "";
			projectRoot = "";
			targets = (
				25CD75502BAE8F9400012F56 /* MovieReview */,
				25CD75662BAE8F9600012F56 /* MovieReviewTests */,
				25CD75702BAE8F9600012F56 /* MovieReviewUITests */,
			);
		};
/* End PBXProject section */

/* Begin PBXResourcesBuildPhase section */
		25CD754F2BAE8F9400012F56 /* Resources */ = {
			isa = PBXResourcesBuildPhase;
			buildActionMask = 2147483647;
			files = (
				25CD755E2BAE8F9600012F56 /* Assets.xcassets in Resources */,
				25CD75612BAE8F9600012F56 /* Base in Resources */,
				25CD755C2BAE8F9400012F56 /* Base in Resources */,
				254D58822BAFF170004738F6 /* Detail.storyboard in Resources */,
				254D58702BAF07BD004738F6 /* Home.storyboard in Resources */,
			);
			runOnlyForDeploymentPostprocessing = 0;
		};
		25CD75652BAE8F9600012F56 /* Resources */ = {
			isa = PBXResourcesBuildPhase;
			buildActionMask = 2147483647;
			files = (
			);
			runOnlyForDeploymentPostprocessing = 0;
		};
		25CD756F2BAE8F9600012F56 /* Resources */ = {
			isa = PBXResourcesBuildPhase;
			buildActionMask = 2147483647;
			files = (
			);
			runOnlyForDeploymentPostprocessing = 0;
		};
/* End PBXResourcesBuildPhase section */

/* Begin PBXSourcesBuildPhase section */
		25CD754D2BAE8F9400012F56 /* Sources */ = {
			isa = PBXSourcesBuildPhase;
			buildActionMask = 2147483647;
			files = (
				254D58722BAF0A47004738F6 /* HomeDetailViewController.swift in Sources */,
				254D587B2BAF2639004738F6 /* ScreeningMovieCell.swift in Sources */,
				254D58602BAEC227004738F6 /* SearchViewController.swift in Sources */,
				25CD75592BAE8F9400012F56 /* HomeViewController.swift in Sources */,
				25CD75552BAE8F9400012F56 /* AppDelegate.swift in Sources */,
				254D58842BB023DA004738F6 /* TitleHeaderCollectionReusableView.swift in Sources */,
				254D585D2BAEBF7F004738F6 /* MainTabBarController.swift in Sources */,
				25CD75852BAEBB4B00012F56 /* PopularMovieCell.swift in Sources */,
				254D58542BAEBC25004738F6 /* Resource.swift in Sources */,
				254D586A2BAEC727004738F6 /* MovieList.swift in Sources */,
				254D58622BAEC242004738F6 /* ProfileViewController.swift in Sources */,
				254D58652BAEC63E004738F6 /* HomeViewModel.swift in Sources */,
				254D58682BAEC679004738F6 /* Movie.swift in Sources */,
				254D58592BAEBE4F004738F6 /* Publisher+Utils.swift in Sources */,
				254D585B2BAEBF5B004738F6 /* MainNavigationViewController.swift in Sources */,
				254D587E2BAFC949004738F6 /* HomeDetailViewModel.swift in Sources */,
				254D58562BAEBCE1004738F6 /* NetworkService.swift in Sources */,
				25CD75572BAE8F9400012F56 /* SceneDelegate.swift in Sources */,
			);
			runOnlyForDeploymentPostprocessing = 0;
		};
		25CD75632BAE8F9600012F56 /* Sources */ = {
			isa = PBXSourcesBuildPhase;
			buildActionMask = 2147483647;
			files = (
				25CD756C2BAE8F9600012F56 /* MovieReviewTests.swift in Sources */,
			);
			runOnlyForDeploymentPostprocessing = 0;
		};
		25CD756D2BAE8F9600012F56 /* Sources */ = {
			isa = PBXSourcesBuildPhase;
			buildActionMask = 2147483647;
			files = (
				25CD75762BAE8F9600012F56 /* MovieReviewUITests.swift in Sources */,
				25CD75782BAE8F9600012F56 /* MovieReviewUITestsLaunchTests.swift in Sources */,
			);
			runOnlyForDeploymentPostprocessing = 0;
		};
/* End PBXSourcesBuildPhase section */

/* Begin PBXTargetDependency section */
		25CD75692BAE8F9600012F56 /* PBXTargetDependency */ = {
			isa = PBXTargetDependency;
			target = 25CD75502BAE8F9400012F56 /* MovieReview */;
			targetProxy = 25CD75682BAE8F9600012F56 /* PBXContainerItemProxy */;
		};
		25CD75732BAE8F9600012F56 /* PBXTargetDependency */ = {
			isa = PBXTargetDependency;
			target = 25CD75502BAE8F9400012F56 /* MovieReview */;
			targetProxy = 25CD75722BAE8F9600012F56 /* PBXContainerItemProxy */;
		};
/* End PBXTargetDependency section */

/* Begin PBXVariantGroup section */
		254D586E2BAF07BD004738F6 /* Home.storyboard */ = {
			isa = PBXVariantGroup;
			children = (
				254D586F2BAF07BD004738F6 /* Base */,
			);
			name = Home.storyboard;
			sourceTree = "<group>";
		};
		25CD755A2BAE8F9400012F56 /* Main.storyboard */ = {
			isa = PBXVariantGroup;
			children = (
				25CD755B2BAE8F9400012F56 /* Base */,
			);
			name = Main.storyboard;
			sourceTree = "<group>";
		};
		25CD755F2BAE8F9600012F56 /* LaunchScreen.storyboard */ = {
			isa = PBXVariantGroup;
			children = (
				25CD75602BAE8F9600012F56 /* Base */,
			);
			name = LaunchScreen.storyboard;
			sourceTree = "<group>";
		};
/* End PBXVariantGroup section */

/* Begin XCBuildConfiguration section */
		25CD75792BAE8F9600012F56 /* Debug */ = {
			isa = XCBuildConfiguration;
			buildSettings = {
				ALWAYS_SEARCH_USER_PATHS = NO;
				ASSETCATALOG_COMPILER_GENERATE_SWIFT_ASSET_SYMBOL_EXTENSIONS = YES;
				CLANG_ANALYZER_NONNULL = YES;
				CLANG_ANALYZER_NUMBER_OBJECT_CONVERSION = YES_AGGRESSIVE;
				CLANG_CXX_LANGUAGE_STANDARD = "gnu++20";
				CLANG_ENABLE_MODULES = YES;
				CLANG_ENABLE_OBJC_ARC = YES;
				CLANG_ENABLE_OBJC_WEAK = YES;
				CLANG_WARN_BLOCK_CAPTURE_AUTORELEASING = YES;
				CLANG_WARN_BOOL_CONVERSION = YES;
				CLANG_WARN_COMMA = YES;
				CLANG_WARN_CONSTANT_CONVERSION = YES;
				CLANG_WARN_DEPRECATED_OBJC_IMPLEMENTATIONS = YES;
				CLANG_WARN_DIRECT_OBJC_ISA_USAGE = YES_ERROR;
				CLANG_WARN_DOCUMENTATION_COMMENTS = YES;
				CLANG_WARN_EMPTY_BODY = YES;
				CLANG_WARN_ENUM_CONVERSION = YES;
				CLANG_WARN_INFINITE_RECURSION = YES;
				CLANG_WARN_INT_CONVERSION = YES;
				CLANG_WARN_NON_LITERAL_NULL_CONVERSION = YES;
				CLANG_WARN_OBJC_IMPLICIT_RETAIN_SELF = YES;
				CLANG_WARN_OBJC_LITERAL_CONVERSION = YES;
				CLANG_WARN_OBJC_ROOT_CLASS = YES_ERROR;
				CLANG_WARN_QUOTED_INCLUDE_IN_FRAMEWORK_HEADER = YES;
				CLANG_WARN_RANGE_LOOP_ANALYSIS = YES;
				CLANG_WARN_STRICT_PROTOTYPES = YES;
				CLANG_WARN_SUSPICIOUS_MOVE = YES;
				CLANG_WARN_UNGUARDED_AVAILABILITY = YES_AGGRESSIVE;
				CLANG_WARN_UNREACHABLE_CODE = YES;
				CLANG_WARN__DUPLICATE_METHOD_MATCH = YES;
				COPY_PHASE_STRIP = NO;
				DEBUG_INFORMATION_FORMAT = dwarf;
				ENABLE_STRICT_OBJC_MSGSEND = YES;
				ENABLE_TESTABILITY = YES;
				ENABLE_USER_SCRIPT_SANDBOXING = YES;
				GCC_C_LANGUAGE_STANDARD = gnu17;
				GCC_DYNAMIC_NO_PIC = NO;
				GCC_NO_COMMON_BLOCKS = YES;
				GCC_OPTIMIZATION_LEVEL = 0;
				GCC_PREPROCESSOR_DEFINITIONS = (
					"DEBUG=1",
					"$(inherited)",
				);
				GCC_WARN_64_TO_32_BIT_CONVERSION = YES;
				GCC_WARN_ABOUT_RETURN_TYPE = YES_ERROR;
				GCC_WARN_UNDECLARED_SELECTOR = YES;
				GCC_WARN_UNINITIALIZED_AUTOS = YES_AGGRESSIVE;
				GCC_WARN_UNUSED_FUNCTION = YES;
				GCC_WARN_UNUSED_VARIABLE = YES;
				IPHONEOS_DEPLOYMENT_TARGET = 16.0;
				LOCALIZATION_PREFERS_STRING_CATALOGS = YES;
				MTL_ENABLE_DEBUG_INFO = INCLUDE_SOURCE;
				MTL_FAST_MATH = YES;
				ONLY_ACTIVE_ARCH = YES;
				SDKROOT = iphoneos;
				SWIFT_ACTIVE_COMPILATION_CONDITIONS = "DEBUG $(inherited)";
				SWIFT_OPTIMIZATION_LEVEL = "-Onone";
			};
			name = Debug;
		};
		25CD757A2BAE8F9600012F56 /* Release */ = {
			isa = XCBuildConfiguration;
			buildSettings = {
				ALWAYS_SEARCH_USER_PATHS = NO;
				ASSETCATALOG_COMPILER_GENERATE_SWIFT_ASSET_SYMBOL_EXTENSIONS = YES;
				CLANG_ANALYZER_NONNULL = YES;
				CLANG_ANALYZER_NUMBER_OBJECT_CONVERSION = YES_AGGRESSIVE;
				CLANG_CXX_LANGUAGE_STANDARD = "gnu++20";
				CLANG_ENABLE_MODULES = YES;
				CLANG_ENABLE_OBJC_ARC = YES;
				CLANG_ENABLE_OBJC_WEAK = YES;
				CLANG_WARN_BLOCK_CAPTURE_AUTORELEASING = YES;
				CLANG_WARN_BOOL_CONVERSION = YES;
				CLANG_WARN_COMMA = YES;
				CLANG_WARN_CONSTANT_CONVERSION = YES;
				CLANG_WARN_DEPRECATED_OBJC_IMPLEMENTATIONS = YES;
				CLANG_WARN_DIRECT_OBJC_ISA_USAGE = YES_ERROR;
				CLANG_WARN_DOCUMENTATION_COMMENTS = YES;
				CLANG_WARN_EMPTY_BODY = YES;
				CLANG_WARN_ENUM_CONVERSION = YES;
				CLANG_WARN_INFINITE_RECURSION = YES;
				CLANG_WARN_INT_CONVERSION = YES;
				CLANG_WARN_NON_LITERAL_NULL_CONVERSION = YES;
				CLANG_WARN_OBJC_IMPLICIT_RETAIN_SELF = YES;
				CLANG_WARN_OBJC_LITERAL_CONVERSION = YES;
				CLANG_WARN_OBJC_ROOT_CLASS = YES_ERROR;
				CLANG_WARN_QUOTED_INCLUDE_IN_FRAMEWORK_HEADER = YES;
				CLANG_WARN_RANGE_LOOP_ANALYSIS = YES;
				CLANG_WARN_STRICT_PROTOTYPES = YES;
				CLANG_WARN_SUSPICIOUS_MOVE = YES;
				CLANG_WARN_UNGUARDED_AVAILABILITY = YES_AGGRESSIVE;
				CLANG_WARN_UNREACHABLE_CODE = YES;
				CLANG_WARN__DUPLICATE_METHOD_MATCH = YES;
				COPY_PHASE_STRIP = NO;
				DEBUG_INFORMATION_FORMAT = "dwarf-with-dsym";
				ENABLE_NS_ASSERTIONS = NO;
				ENABLE_STRICT_OBJC_MSGSEND = YES;
				ENABLE_USER_SCRIPT_SANDBOXING = YES;
				GCC_C_LANGUAGE_STANDARD = gnu17;
				GCC_NO_COMMON_BLOCKS = YES;
				GCC_WARN_64_TO_32_BIT_CONVERSION = YES;
				GCC_WARN_ABOUT_RETURN_TYPE = YES_ERROR;
				GCC_WARN_UNDECLARED_SELECTOR = YES;
				GCC_WARN_UNINITIALIZED_AUTOS = YES_AGGRESSIVE;
				GCC_WARN_UNUSED_FUNCTION = YES;
				GCC_WARN_UNUSED_VARIABLE = YES;
				IPHONEOS_DEPLOYMENT_TARGET = 16.0;
				LOCALIZATION_PREFERS_STRING_CATALOGS = YES;
				MTL_ENABLE_DEBUG_INFO = NO;
				MTL_FAST_MATH = YES;
				SDKROOT = iphoneos;
				SWIFT_COMPILATION_MODE = wholemodule;
				VALIDATE_PRODUCT = YES;
			};
			name = Release;
		};
		25CD757C2BAE8F9600012F56 /* Debug */ = {
			isa = XCBuildConfiguration;
			buildSettings = {
				ASSETCATALOG_COMPILER_APPICON_NAME = AppIcon;
				ASSETCATALOG_COMPILER_GLOBAL_ACCENT_COLOR_NAME = AccentColor;
				CODE_SIGN_STYLE = Automatic;
				CURRENT_PROJECT_VERSION = 1;
				DEVELOPMENT_TEAM = 94L65Y4872;
				GENERATE_INFOPLIST_FILE = YES;
				INFOPLIST_FILE = MovieReview/Info.plist;
				INFOPLIST_KEY_UIApplicationSupportsIndirectInputEvents = YES;
				INFOPLIST_KEY_UILaunchStoryboardName = LaunchScreen;
				INFOPLIST_KEY_UIMainStoryboardFile = Main;
				INFOPLIST_KEY_UISupportedInterfaceOrientations_iPad = "UIInterfaceOrientationPortrait UIInterfaceOrientationPortraitUpsideDown UIInterfaceOrientationLandscapeLeft UIInterfaceOrientationLandscapeRight";
				INFOPLIST_KEY_UISupportedInterfaceOrientations_iPhone = "UIInterfaceOrientationPortrait UIInterfaceOrientationLandscapeLeft UIInterfaceOrientationLandscapeRight";
				IPHONEOS_DEPLOYMENT_TARGET = 16.0;
				LD_RUNPATH_SEARCH_PATHS = (
					"$(inherited)",
					"@executable_path/Frameworks",
				);
				MARKETING_VERSION = 1.0;
				PRODUCT_BUNDLE_IDENTIFIER = com.cnj.MovieReview;
				PRODUCT_NAME = "$(TARGET_NAME)";
				SUPPORTED_PLATFORMS = "iphoneos iphonesimulator";
				SUPPORTS_MACCATALYST = NO;
				SUPPORTS_MAC_DESIGNED_FOR_IPHONE_IPAD = NO;
				SUPPORTS_XR_DESIGNED_FOR_IPHONE_IPAD = NO;
				SWIFT_EMIT_LOC_STRINGS = YES;
				SWIFT_VERSION = 5.0;
				TARGETED_DEVICE_FAMILY = 1;
			};
			name = Debug;
		};
		25CD757D2BAE8F9600012F56 /* Release */ = {
			isa = XCBuildConfiguration;
			buildSettings = {
				ASSETCATALOG_COMPILER_APPICON_NAME = AppIcon;
				ASSETCATALOG_COMPILER_GLOBAL_ACCENT_COLOR_NAME = AccentColor;
				CODE_SIGN_STYLE = Automatic;
				CURRENT_PROJECT_VERSION = 1;
				DEVELOPMENT_TEAM = 94L65Y4872;
				GENERATE_INFOPLIST_FILE = YES;
				INFOPLIST_FILE = MovieReview/Info.plist;
				INFOPLIST_KEY_UIApplicationSupportsIndirectInputEvents = YES;
				INFOPLIST_KEY_UILaunchStoryboardName = LaunchScreen;
				INFOPLIST_KEY_UIMainStoryboardFile = Main;
				INFOPLIST_KEY_UISupportedInterfaceOrientations_iPad = "UIInterfaceOrientationPortrait UIInterfaceOrientationPortraitUpsideDown UIInterfaceOrientationLandscapeLeft UIInterfaceOrientationLandscapeRight";
				INFOPLIST_KEY_UISupportedInterfaceOrientations_iPhone = "UIInterfaceOrientationPortrait UIInterfaceOrientationLandscapeLeft UIInterfaceOrientationLandscapeRight";
				IPHONEOS_DEPLOYMENT_TARGET = 16.0;
				LD_RUNPATH_SEARCH_PATHS = (
					"$(inherited)",
					"@executable_path/Frameworks",
				);
				MARKETING_VERSION = 1.0;
				PRODUCT_BUNDLE_IDENTIFIER = com.cnj.MovieReview;
				PRODUCT_NAME = "$(TARGET_NAME)";
				SUPPORTED_PLATFORMS = "iphoneos iphonesimulator";
				SUPPORTS_MACCATALYST = NO;
				SUPPORTS_MAC_DESIGNED_FOR_IPHONE_IPAD = NO;
				SUPPORTS_XR_DESIGNED_FOR_IPHONE_IPAD = NO;
				SWIFT_EMIT_LOC_STRINGS = YES;
				SWIFT_VERSION = 5.0;
				TARGETED_DEVICE_FAMILY = 1;
			};
			name = Release;
		};
		25CD757F2BAE8F9600012F56 /* Debug */ = {
			isa = XCBuildConfiguration;
			buildSettings = {
				ALWAYS_EMBED_SWIFT_STANDARD_LIBRARIES = YES;
				BUNDLE_LOADER = "$(TEST_HOST)";
				CODE_SIGN_STYLE = Automatic;
				CURRENT_PROJECT_VERSION = 1;
				DEVELOPMENT_TEAM = 94L65Y4872;
				GENERATE_INFOPLIST_FILE = YES;
				IPHONEOS_DEPLOYMENT_TARGET = 17.4;
				MARKETING_VERSION = 1.0;
				PRODUCT_BUNDLE_IDENTIFIER = com.cnj.MovieReviewTests;
				PRODUCT_NAME = "$(TARGET_NAME)";
				SWIFT_EMIT_LOC_STRINGS = NO;
				SWIFT_VERSION = 5.0;
				TARGETED_DEVICE_FAMILY = "1,2";
				TEST_HOST = "$(BUILT_PRODUCTS_DIR)/MovieReview.app/$(BUNDLE_EXECUTABLE_FOLDER_PATH)/MovieReview";
			};
			name = Debug;
		};
		25CD75802BAE8F9600012F56 /* Release */ = {
			isa = XCBuildConfiguration;
			buildSettings = {
				ALWAYS_EMBED_SWIFT_STANDARD_LIBRARIES = YES;
				BUNDLE_LOADER = "$(TEST_HOST)";
				CODE_SIGN_STYLE = Automatic;
				CURRENT_PROJECT_VERSION = 1;
				DEVELOPMENT_TEAM = 94L65Y4872;
				GENERATE_INFOPLIST_FILE = YES;
				IPHONEOS_DEPLOYMENT_TARGET = 17.4;
				MARKETING_VERSION = 1.0;
				PRODUCT_BUNDLE_IDENTIFIER = com.cnj.MovieReviewTests;
				PRODUCT_NAME = "$(TARGET_NAME)";
				SWIFT_EMIT_LOC_STRINGS = NO;
				SWIFT_VERSION = 5.0;
				TARGETED_DEVICE_FAMILY = "1,2";
				TEST_HOST = "$(BUILT_PRODUCTS_DIR)/MovieReview.app/$(BUNDLE_EXECUTABLE_FOLDER_PATH)/MovieReview";
			};
			name = Release;
		};
		25CD75822BAE8F9600012F56 /* Debug */ = {
			isa = XCBuildConfiguration;
			buildSettings = {
				ALWAYS_EMBED_SWIFT_STANDARD_LIBRARIES = YES;
				CODE_SIGN_STYLE = Automatic;
				CURRENT_PROJECT_VERSION = 1;
				DEVELOPMENT_TEAM = 94L65Y4872;
				GENERATE_INFOPLIST_FILE = YES;
				MARKETING_VERSION = 1.0;
				PRODUCT_BUNDLE_IDENTIFIER = com.cnj.MovieReviewUITests;
				PRODUCT_NAME = "$(TARGET_NAME)";
				SWIFT_EMIT_LOC_STRINGS = NO;
				SWIFT_VERSION = 5.0;
				TARGETED_DEVICE_FAMILY = "1,2";
				TEST_TARGET_NAME = MovieReview;
			};
			name = Debug;
		};
		25CD75832BAE8F9600012F56 /* Release */ = {
			isa = XCBuildConfiguration;
			buildSettings = {
				ALWAYS_EMBED_SWIFT_STANDARD_LIBRARIES = YES;
				CODE_SIGN_STYLE = Automatic;
				CURRENT_PROJECT_VERSION = 1;
				DEVELOPMENT_TEAM = 94L65Y4872;
				GENERATE_INFOPLIST_FILE = YES;
				MARKETING_VERSION = 1.0;
				PRODUCT_BUNDLE_IDENTIFIER = com.cnj.MovieReviewUITests;
				PRODUCT_NAME = "$(TARGET_NAME)";
				SWIFT_EMIT_LOC_STRINGS = NO;
				SWIFT_VERSION = 5.0;
				TARGETED_DEVICE_FAMILY = "1,2";
				TEST_TARGET_NAME = MovieReview;
			};
			name = Release;
		};
/* End XCBuildConfiguration section */

/* Begin XCConfigurationList section */
		25CD754C2BAE8F9400012F56 /* Build configuration list for PBXProject "MovieReview" */ = {
			isa = XCConfigurationList;
			buildConfigurations = (
				25CD75792BAE8F9600012F56 /* Debug */,
				25CD757A2BAE8F9600012F56 /* Release */,
			);
			defaultConfigurationIsVisible = 0;
			defaultConfigurationName = Release;
		};
		25CD757B2BAE8F9600012F56 /* Build configuration list for PBXNativeTarget "MovieReview" */ = {
			isa = XCConfigurationList;
			buildConfigurations = (
				25CD757C2BAE8F9600012F56 /* Debug */,
				25CD757D2BAE8F9600012F56 /* Release */,
			);
			defaultConfigurationIsVisible = 0;
			defaultConfigurationName = Release;
		};
		25CD757E2BAE8F9600012F56 /* Build configuration list for PBXNativeTarget "MovieReviewTests" */ = {
			isa = XCConfigurationList;
			buildConfigurations = (
				25CD757F2BAE8F9600012F56 /* Debug */,
				25CD75802BAE8F9600012F56 /* Release */,
			);
			defaultConfigurationIsVisible = 0;
			defaultConfigurationName = Release;
		};
		25CD75812BAE8F9600012F56 /* Build configuration list for PBXNativeTarget "MovieReviewUITests" */ = {
			isa = XCConfigurationList;
			buildConfigurations = (
				25CD75822BAE8F9600012F56 /* Debug */,
				25CD75832BAE8F9600012F56 /* Release */,
			);
			defaultConfigurationIsVisible = 0;
			defaultConfigurationName = Release;
		};
/* End XCConfigurationList section */

/* Begin XCRemoteSwiftPackageReference section */
		254D58772BAF24D9004738F6 /* XCRemoteSwiftPackageReference "Kingfisher" */ = {
			isa = XCRemoteSwiftPackageReference;
			repositoryURL = "https://github.com/onevcat/Kingfisher.git";
			requirement = {
				kind = upToNextMajorVersion;
				minimumVersion = 7.11.0;
			};
		};
/* End XCRemoteSwiftPackageReference section */

/* Begin XCSwiftPackageProductDependency section */
		254D58782BAF24D9004738F6 /* Kingfisher */ = {
			isa = XCSwiftPackageProductDependency;
			package = 254D58772BAF24D9004738F6 /* XCRemoteSwiftPackageReference "Kingfisher" */;
			productName = Kingfisher;
		};
/* End XCSwiftPackageProductDependency section */
	};
	rootObject = 25CD75492BAE8F9400012F56 /* Project object */;
}
